
Microsoft Visual Studio Solution File, Format Version 12.00
# Visual Studio Version 16
VisualStudioVersion = 16.0.30114.105
MinimumVisualStudioVersion = 10.0.40219.1
Project("{8BC9CEB8-8B4A-11D0-8D11-00A0C91BC942}") = "GameEngine_GD", "GameEngine_GD\GameEngine_GD.vcxproj", "{5D66894E-E41E-464A-BD62-0C85F50D4DFD}"
EndProject
Project("{8BC9CEB8-8B4A-11D0-8D11-00A0C91BC942}") = "Game_GD", "Game_GD\Game_GD.vcxproj", "{3AB924A7-5A08-4867-B0F9-D8FC74E93AEC}"
EndProject
Global
	GlobalSection(SolutionConfigurationPlatforms) = preSolution
		Debug|x64 = Debug|x64
		Debug|x86 = Debug|x86
		Release|x64 = Release|x64
		Release|x86 = Release|x86
	EndGlobalSection
	GlobalSection(ProjectConfigurationPlatforms) = postSolution
		{5D66894E-E41E-464A-BD62-0C85F50D4DFD}.Debug|x64.ActiveCfg = Debug|x64
		{5D66894E-E41E-464A-BD62-0C85F50D4DFD}.Debug|x64.Build.0 = Debug|x64
		{5D66894E-E41E-464A-BD62-0C85F50D4DFD}.Debug|x86.ActiveCfg = Debug|Win32
		{5D66894E-E41E-464A-BD62-0C85F50D4DFD}.Debug|x86.Build.0 = Debug|Win32
		{5D66894E-E41E-464A-BD62-0C85F50D4DFD}.Release|x64.ActiveCfg = Release|x64
		{5D66894E-E41E-464A-BD62-0C85F50D4DFD}.Release|x64.Build.0 = Release|x64
		{5D66894E-E41E-464A-BD62-0C85F50D4DFD}.Release|x86.ActiveCfg = Release|Win32
		{5D66894E-E41E-464A-BD62-0C85F50D4DFD}.Release|x86.Build.0 = Release|Win32
		{3AB924A7-5A08-4867-B0F9-D8FC74E93AEC}.Debug|x64.ActiveCfg = Debug|x64
		{3AB924A7-5A08-4867-B0F9-D8FC74E93AEC}.Debug|x64.Build.0 = Debug|x64
		{3AB924A7-5A08-4867-B0F9-D8FC74E93AEC}.Debug|x86.ActiveCfg = Debug|Win32
		{3AB924A7-5A08-4867-B0F9-D8FC74E93AEC}.Debug|x86.Build.0 = Debug|Win32
		{3AB924A7-5A08-4867-B0F9-D8FC74E93AEC}.Release|x64.ActiveCfg = Release|x64
		{3AB924A7-5A08-4867-B0F9-D8FC74E93AEC}.Release|x64.Build.0 = Release|x64
		{3AB924A7-5A08-4867-B0F9-D8FC74E93AEC}.Release|x86.ActiveCfg = Release|Win32
		{3AB924A7-5A08-4867-B0F9-D8FC74E93AEC}.Release|x86.Build.0 = Release|Win32
	EndGlobalSection
	GlobalSection(SolutionProperties) = preSolution
		HideSolutionNode = FALSE
	EndGlobalSection
	GlobalSection(ExtensibilityGlobals) = postSolution
		SolutionGuid = {99EC7BD4-F106-4932-967A-A5AD2F520A2B}
	EndGlobalSection
EndGlobal
